
Microsoft Visual Studio Solution File, Format Version 12.00
# Visual Studio 15
VisualStudioVersion = 15.0.27130.2003
MinimumVisualStudioVersion = 10.0.40219.1
Project("{9A19103F-16F7-4668-BE54-9A1E7A4F7556}") = "dogapi-erolss", "dogapi-erolss.csproj", "{283622D7-443C-405C-ABF8-E10B52981316}"
EndProject
Global
	GlobalSection(SolutionConfigurationPlatforms) = preSolution
		Debug|Any CPU = Debug|Any CPU
		Release|Any CPU = Release|Any CPU
	EndGlobalSection
	GlobalSection(ProjectConfigurationPlatforms) = postSolution
		{283622D7-443C-405C-ABF8-E10B52981316}.Debug|Any CPU.ActiveCfg = Debug|Any CPU
		{283622D7-443C-405C-ABF8-E10B52981316}.Debug|Any CPU.Build.0 = Debug|Any CPU
		{283622D7-443C-405C-ABF8-E10B52981316}.Release|Any CPU.ActiveCfg = Release|Any CPU
		{283622D7-443C-405C-ABF8-E10B52981316}.Release|Any CPU.Build.0 = Release|Any CPU
	EndGlobalSection
	GlobalSection(SolutionProperties) = preSolution
		HideSolutionNode = FALSE
	EndGlobalSection
	GlobalSection(ExtensibilityGlobals) = postSolution
		SolutionGuid = {D83F0177-2D9D-4BA7-89CF-3573491BDA58}
	EndGlobalSection
EndGlobal
